
Microsoft Visual Studio Solution File, Format Version 12.00
# Visual Studio Version 17
VisualStudioVersion = 17.9.34622.214
MinimumVisualStudioVersion = 10.0.40219.1
Project("{9A19103F-16F7-4668-BE54-9A1E7A4F7556}") = "MauiDoom", "MauiDoom\MauiDoom.csproj", "{CC869CAF-FC95-4A05-9BE7-15967EA97EE0}"
EndProject
Global
	GlobalSection(SolutionConfigurationPlatforms) = preSolution
		Debug|Any CPU = Debug|Any CPU
		Release|Any CPU = Release|Any CPU
	EndGlobalSection
	GlobalSection(ProjectConfigurationPlatforms) = postSolution
		{CC869CAF-FC95-4A05-9BE7-15967EA97EE0}.Debug|Any CPU.ActiveCfg = Debug|Any CPU
		{CC869CAF-FC95-4A05-9BE7-15967EA97EE0}.Debug|Any CPU.Build.0 = Debug|Any CPU
		{CC869CAF-FC95-4A05-9BE7-15967EA97EE0}.Debug|Any CPU.Deploy.0 = Debug|Any CPU
		{CC869CAF-FC95-4A05-9BE7-15967EA97EE0}.Release|Any CPU.ActiveCfg = Release|Any CPU
		{CC869CAF-FC95-4A05-9BE7-15967EA97EE0}.Release|Any CPU.Build.0 = Release|Any CPU
		{CC869CAF-FC95-4A05-9BE7-15967EA97EE0}.Release|Any CPU.Deploy.0 = Release|Any CPU
	EndGlobalSection
	GlobalSection(SolutionProperties) = preSolution
		HideSolutionNode = FALSE
	EndGlobalSection
	GlobalSection(ExtensibilityGlobals) = postSolution
		SolutionGuid = {DFEEFFB9-CF4F-4F6F-B764-7DD106E78F7E}
	EndGlobalSection
EndGlobal
